// !$*UTF8*$!
{
	archiveVersion = 1;
	classes = {
	};
	objectVersion = 46;
	objects = {

/* Begin PBXBuildFile section */
		644FF6B4D76C3021C4C0ABC1 /* libPods.a in Frameworks */ = {isa = PBXBuildFile; fileRef = 8CB726EAF2F60E4E288D3E07 /* libPods.a */; };
		A202662F1B8291A80063342C /* rectangle@2x.pdf in Resources */ = {isa = PBXBuildFile; fileRef = A202662E1B8291A80063342C /* rectangle@2x.pdf */; };
		A20266451B82922A0063342C /* CONTRIBUTING.txt in Resources */ = {isa = PBXBuildFile; fileRef = A20266311B82922A0063342C /* CONTRIBUTING.txt */; };
		A20266461B82922A0063342C /* copyright.txt in Resources */ = {isa = PBXBuildFile; fileRef = A20266321B82922A0063342C /* copyright.txt */; };
		A20266471B82922A0063342C /* FONTLOG.txt in Resources */ = {isa = PBXBuildFile; fileRef = A20266331B82922A0063342C /* FONTLOG.txt */; };
		A20266481B82922A0063342C /* LICENCE-FAQ.txt in Resources */ = {isa = PBXBuildFile; fileRef = A20266341B82922A0063342C /* LICENCE-FAQ.txt */; };
		A20266491B82922A0063342C /* LICENCE.txt in Resources */ = {isa = PBXBuildFile; fileRef = A20266351B82922A0063342C /* LICENCE.txt */; };
		A202664A1B82922A0063342C /* README.txt in Resources */ = {isa = PBXBuildFile; fileRef = A20266361B82922A0063342C /* README.txt */; };
		A202664B1B82922A0063342C /* TRADEMARKS.txt in Resources */ = {isa = PBXBuildFile; fileRef = A20266371B82922A0063342C /* TRADEMARKS.txt */; };
		A202664C1B82922A0063342C /* Ubuntu-B.ttf in Resources */ = {isa = PBXBuildFile; fileRef = A20266381B82922A0063342C /* Ubuntu-B.ttf */; };
		A202664D1B82922A0063342C /* Ubuntu-BI.ttf in Resources */ = {isa = PBXBuildFile; fileRef = A20266391B82922A0063342C /* Ubuntu-BI.ttf */; };
		A202664E1B82922A0063342C /* Ubuntu-C.ttf in Resources */ = {isa = PBXBuildFile; fileRef = A202663A1B82922A0063342C /* Ubuntu-C.ttf */; };
		A202664F1B82922A0063342C /* Ubuntu-L.ttf in Resources */ = {isa = PBXBuildFile; fileRef = A202663B1B82922A0063342C /* Ubuntu-L.ttf */; };
		A20266501B82922A0063342C /* Ubuntu-LI.ttf in Resources */ = {isa = PBXBuildFile; fileRef = A202663C1B82922A0063342C /* Ubuntu-LI.ttf */; };
		A20266511B82922A0063342C /* Ubuntu-M.ttf in Resources */ = {isa = PBXBuildFile; fileRef = A202663D1B82922A0063342C /* Ubuntu-M.ttf */; };
		A20266521B82922A0063342C /* Ubuntu-MI.ttf in Resources */ = {isa = PBXBuildFile; fileRef = A202663E1B82922A0063342C /* Ubuntu-MI.ttf */; };
		A20266531B82922A0063342C /* Ubuntu-R.ttf in Resources */ = {isa = PBXBuildFile; fileRef = A202663F1B82922A0063342C /* Ubuntu-R.ttf */; };
		A20266541B82922A0063342C /* Ubuntu-RI.ttf in Resources */ = {isa = PBXBuildFile; fileRef = A20266401B82922A0063342C /* Ubuntu-RI.ttf */; };
		A20266551B82922A0063342C /* UbuntuMono-B.ttf in Resources */ = {isa = PBXBuildFile; fileRef = A20266411B82922A0063342C /* UbuntuMono-B.ttf */; };
		A20266561B82922A0063342C /* UbuntuMono-BI.ttf in Resources */ = {isa = PBXBuildFile; fileRef = A20266421B82922A0063342C /* UbuntuMono-BI.ttf */; };
		A20266571B82922A0063342C /* UbuntuMono-R.ttf in Resources */ = {isa = PBXBuildFile; fileRef = A20266431B82922A0063342C /* UbuntuMono-R.ttf */; };
		A20266581B82922A0063342C /* UbuntuMono-RI.ttf in Resources */ = {isa = PBXBuildFile; fileRef = A20266441B82922A0063342C /* UbuntuMono-RI.ttf */; };
		A202665A1B8294680063342C /* 1RepMax@2x.pdf in Resources */ = {isa = PBXBuildFile; fileRef = A20266591B8294680063342C /* 1RepMax@2x.pdf */; };
		A20B928B1B3A282900B436DE /* main.m in Sources */ = {isa = PBXBuildFile; fileRef = A20B928A1B3A282900B436DE /* main.m */; };
		A20B928E1B3A282900B436DE /* AppDelegate.m in Sources */ = {isa = PBXBuildFile; fileRef = A20B928D1B3A282900B436DE /* AppDelegate.m */; };
		A20B92911B3A282900B436DE /* maxCalculator.xcdatamodeld in Sources */ = {isa = PBXBuildFile; fileRef = A20B928F1B3A282900B436DE /* maxCalculator.xcdatamodeld */; };
		A20B92971B3A282900B436DE /* Main.storyboard in Resources */ = {isa = PBXBuildFile; fileRef = A20B92951B3A282900B436DE /* Main.storyboard */; };
		A20B92991B3A282900B436DE /* Images.xcassets in Resources */ = {isa = PBXBuildFile; fileRef = A20B92981B3A282900B436DE /* Images.xcassets */; };
		A20B929C1B3A282900B436DE /* LaunchScreen.xib in Resources */ = {isa = PBXBuildFile; fileRef = A20B929A1B3A282900B436DE /* LaunchScreen.xib */; };
		A20B92A81B3A282900B436DE /* maxCalculatorTests.m in Sources */ = {isa = PBXBuildFile; fileRef = A20B92A71B3A282900B436DE /* maxCalculatorTests.m */; };
		A220310A1B54350B0086F5F7 /* RootViewController.swift in Sources */ = {isa = PBXBuildFile; fileRef = A22031091B54350B0086F5F7 /* RootViewController.swift */; };
		A234BEB71BD43952002B58B0 /* CoreLocation.framework in Frameworks */ = {isa = PBXBuildFile; fileRef = A234BEB61BD43952002B58B0 /* CoreLocation.framework */; };
		A2E329441BD9395D00B9224D /* Images-2.xcassets in Resources */ = {isa = PBXBuildFile; fileRef = A2E329431BD9395D00B9224D /* Images-2.xcassets */; };
/* End PBXBuildFile section */

/* Begin PBXContainerItemProxy section */
		A20B92A21B3A282900B436DE /* PBXContainerItemProxy */ = {
			isa = PBXContainerItemProxy;
			containerPortal = A20B927D1B3A282900B436DE /* Project object */;
			proxyType = 1;
			remoteGlobalIDString = A20B92841B3A282900B436DE;
			remoteInfo = maxCalculator;
		};
/* End PBXContainerItemProxy section */

/* Begin PBXFileReference section */
		091964A12E7AF85B041E2447 /* Pods.debug.xcconfig */ = {isa = PBXFileReference; includeInIndex = 1; lastKnownFileType = text.xcconfig; name = Pods.debug.xcconfig; path = "Pods/Target Support Files/Pods/Pods.debug.xcconfig"; sourceTree = "<group>"; };
		8CB726EAF2F60E4E288D3E07 /* libPods.a */ = {isa = PBXFileReference; explicitFileType = archive.ar; includeInIndex = 0; path = libPods.a; sourceTree = BUILT_PRODUCTS_DIR; };
		A202662E1B8291A80063342C /* rectangle@2x.pdf */ = {isa = PBXFileReference; lastKnownFileType = image.pdf; path = "rectangle@2x.pdf"; sourceTree = "<group>"; };
		A20266311B82922A0063342C /* CONTRIBUTING.txt */ = {isa = PBXFileReference; fileEncoding = 4; lastKnownFileType = text; path = CONTRIBUTING.txt; sourceTree = "<group>"; };
		A20266321B82922A0063342C /* copyright.txt */ = {isa = PBXFileReference; fileEncoding = 4; lastKnownFileType = text; path = copyright.txt; sourceTree = "<group>"; };
		A20266331B82922A0063342C /* FONTLOG.txt */ = {isa = PBXFileReference; fileEncoding = 4; lastKnownFileType = text; path = FONTLOG.txt; sourceTree = "<group>"; };
		A20266341B82922A0063342C /* LICENCE-FAQ.txt */ = {isa = PBXFileReference; fileEncoding = 4; lastKnownFileType = text; path = "LICENCE-FAQ.txt"; sourceTree = "<group>"; };
		A20266351B82922A0063342C /* LICENCE.txt */ = {isa = PBXFileReference; fileEncoding = 4; lastKnownFileType = text; path = LICENCE.txt; sourceTree = "<group>"; };
		A20266361B82922A0063342C /* README.txt */ = {isa = PBXFileReference; fileEncoding = 4; lastKnownFileType = text; path = README.txt; sourceTree = "<group>"; };
		A20266371B82922A0063342C /* TRADEMARKS.txt */ = {isa = PBXFileReference; fileEncoding = 4; lastKnownFileType = text; path = TRADEMARKS.txt; sourceTree = "<group>"; };
		A20266381B82922A0063342C /* Ubuntu-B.ttf */ = {isa = PBXFileReference; lastKnownFileType = file; path = "Ubuntu-B.ttf"; sourceTree = "<group>"; };
		A20266391B82922A0063342C /* Ubuntu-BI.ttf */ = {isa = PBXFileReference; lastKnownFileType = file; path = "Ubuntu-BI.ttf"; sourceTree = "<group>"; };
		A202663A1B82922A0063342C /* Ubuntu-C.ttf */ = {isa = PBXFileReference; lastKnownFileType = file; path = "Ubuntu-C.ttf"; sourceTree = "<group>"; };
		A202663B1B82922A0063342C /* Ubuntu-L.ttf */ = {isa = PBXFileReference; lastKnownFileType = file; path = "Ubuntu-L.ttf"; sourceTree = "<group>"; };
		A202663C1B82922A0063342C /* Ubuntu-LI.ttf */ = {isa = PBXFileReference; lastKnownFileType = file; path = "Ubuntu-LI.ttf"; sourceTree = "<group>"; };
		A202663D1B82922A0063342C /* Ubuntu-M.ttf */ = {isa = PBXFileReference; lastKnownFileType = file; path = "Ubuntu-M.ttf"; sourceTree = "<group>"; };
		A202663E1B82922A0063342C /* Ubuntu-MI.ttf */ = {isa = PBXFileReference; lastKnownFileType = file; path = "Ubuntu-MI.ttf"; sourceTree = "<group>"; };
		A202663F1B82922A0063342C /* Ubuntu-R.ttf */ = {isa = PBXFileReference; lastKnownFileType = file; path = "Ubuntu-R.ttf"; sourceTree = "<group>"; };
		A20266401B82922A0063342C /* Ubuntu-RI.ttf */ = {isa = PBXFileReference; lastKnownFileType = file; path = "Ubuntu-RI.ttf"; sourceTree = "<group>"; };
		A20266411B82922A0063342C /* UbuntuMono-B.ttf */ = {isa = PBXFileReference; lastKnownFileType = file; path = "UbuntuMono-B.ttf"; sourceTree = "<group>"; };
		A20266421B82922A0063342C /* UbuntuMono-BI.ttf */ = {isa = PBXFileReference; lastKnownFileType = file; path = "UbuntuMono-BI.ttf"; sourceTree = "<group>"; };
		A20266431B82922A0063342C /* UbuntuMono-R.ttf */ = {isa = PBXFileReference; lastKnownFileType = file; path = "UbuntuMono-R.ttf"; sourceTree = "<group>"; };
		A20266441B82922A0063342C /* UbuntuMono-RI.ttf */ = {isa = PBXFileReference; lastKnownFileType = file; path = "UbuntuMono-RI.ttf"; sourceTree = "<group>"; };
		A20266591B8294680063342C /* 1RepMax@2x.pdf */ = {isa = PBXFileReference; lastKnownFileType = image.pdf; path = "1RepMax@2x.pdf"; sourceTree = "<group>"; };
		A20B92851B3A282900B436DE /* maxCalculator.app */ = {isa = PBXFileReference; explicitFileType = wrapper.application; includeInIndex = 0; path = maxCalculator.app; sourceTree = BUILT_PRODUCTS_DIR; };
		A20B92891B3A282900B436DE /* Info.plist */ = {isa = PBXFileReference; lastKnownFileType = text.plist.xml; path = Info.plist; sourceTree = "<group>"; };
		A20B928A1B3A282900B436DE /* main.m */ = {isa = PBXFileReference; lastKnownFileType = sourcecode.c.objc; path = main.m; sourceTree = "<group>"; };
		A20B928C1B3A282900B436DE /* AppDelegate.h */ = {isa = PBXFileReference; lastKnownFileType = sourcecode.c.h; path = AppDelegate.h; sourceTree = "<group>"; };
		A20B928D1B3A282900B436DE /* AppDelegate.m */ = {isa = PBXFileReference; lastKnownFileType = sourcecode.c.objc; path = AppDelegate.m; sourceTree = "<group>"; };
		A20B92901B3A282900B436DE /* maxCalculator.xcdatamodel */ = {isa = PBXFileReference; lastKnownFileType = wrapper.xcdatamodel; path = maxCalculator.xcdatamodel; sourceTree = "<group>"; };
		A20B92961B3A282900B436DE /* Base */ = {isa = PBXFileReference; lastKnownFileType = file.storyboard; name = Base; path = Base.lproj/Main.storyboard; sourceTree = "<group>"; };
		A20B92981B3A282900B436DE /* Images.xcassets */ = {isa = PBXFileReference; lastKnownFileType = folder.assetcatalog; path = Images.xcassets; sourceTree = "<group>"; };
		A20B929B1B3A282900B436DE /* Base */ = {isa = PBXFileReference; lastKnownFileType = file.xib; name = Base; path = Base.lproj/LaunchScreen.xib; sourceTree = "<group>"; };
		A20B92A11B3A282900B436DE /* maxCalculatorTests.xctest */ = {isa = PBXFileReference; explicitFileType = wrapper.cfbundle; includeInIndex = 0; path = maxCalculatorTests.xctest; sourceTree = BUILT_PRODUCTS_DIR; };
		A20B92A61B3A282900B436DE /* Info.plist */ = {isa = PBXFileReference; lastKnownFileType = text.plist.xml; path = Info.plist; sourceTree = "<group>"; };
		A20B92A71B3A282900B436DE /* maxCalculatorTests.m */ = {isa = PBXFileReference; lastKnownFileType = sourcecode.c.objc; path = maxCalculatorTests.m; sourceTree = "<group>"; };
		A2144E881B56E656006ACDCF /* MyPlayground.playground */ = {isa = PBXFileReference; lastKnownFileType = file.playground; path = MyPlayground.playground; sourceTree = "<group>"; };
		A22031081B54350A0086F5F7 /* maxCalculator-Bridging-Header.h */ = {isa = PBXFileReference; lastKnownFileType = sourcecode.c.h; path = "maxCalculator-Bridging-Header.h"; sourceTree = "<group>"; };
		A22031091B54350B0086F5F7 /* RootViewController.swift */ = {isa = PBXFileReference; fileEncoding = 4; lastKnownFileType = sourcecode.swift; path = RootViewController.swift; sourceTree = "<group>"; };
		A234BEB51BD438A7002B58B0 /* maxCalculator-Bridging-Header.h */ = {isa = PBXFileReference; lastKnownFileType = sourcecode.c.h; path = "maxCalculator-Bridging-Header.h"; sourceTree = "<group>"; };
		A234BEB61BD43952002B58B0 /* CoreLocation.framework */ = {isa = PBXFileReference; lastKnownFileType = wrapper.framework; name = CoreLocation.framework; path = System/Library/Frameworks/CoreLocation.framework; sourceTree = SDKROOT; };
		A27853A11B79A96C00AA2578 /* SF-UI-Display-Regular.otf */ = {isa = PBXFileReference; lastKnownFileType = file; path = "SF-UI-Display-Regular.otf"; sourceTree = "<group>"; };
		A2E329431BD9395D00B9224D /* Images-2.xcassets */ = {isa = PBXFileReference; lastKnownFileType = folder.assetcatalog; path = "Images-2.xcassets"; sourceTree = "<group>"; };
		A995E18AFF6C675ECC499B22 /* Pods.release.xcconfig */ = {isa = PBXFileReference; includeInIndex = 1; lastKnownFileType = text.xcconfig; name = Pods.release.xcconfig; path = "Pods/Target Support Files/Pods/Pods.release.xcconfig"; sourceTree = "<group>"; };
/* End PBXFileReference section */

/* Begin PBXFrameworksBuildPhase section */
		A20B92821B3A282900B436DE /* Frameworks */ = {
			isa = PBXFrameworksBuildPhase;
			buildActionMask = 2147483647;
			files = (
				A234BEB71BD43952002B58B0 /* CoreLocation.framework in Frameworks */,
				644FF6B4D76C3021C4C0ABC1 /* libPods.a in Frameworks */,
			);
			runOnlyForDeploymentPostprocessing = 0;
		};
		A20B929E1B3A282900B436DE /* Frameworks */ = {
			isa = PBXFrameworksBuildPhase;
			buildActionMask = 2147483647;
			files = (
			);
			runOnlyForDeploymentPostprocessing = 0;
		};
/* End PBXFrameworksBuildPhase section */

/* Begin PBXGroup section */
		74931D9383A6EDD1E49C504B /* Pods */ = {
			isa = PBXGroup;
			children = (
				091964A12E7AF85B041E2447 /* Pods.debug.xcconfig */,
				A995E18AFF6C675ECC499B22 /* Pods.release.xcconfig */,
			);
			name = Pods;
			sourceTree = "<group>";
		};
		A20266301B82922A0063342C /* ubuntu-font-family-0.80 */ = {
			isa = PBXGroup;
			children = (
				A20266311B82922A0063342C /* CONTRIBUTING.txt */,
				A20266321B82922A0063342C /* copyright.txt */,
				A20266331B82922A0063342C /* FONTLOG.txt */,
				A20266341B82922A0063342C /* LICENCE-FAQ.txt */,
				A20266351B82922A0063342C /* LICENCE.txt */,
				A20266361B82922A0063342C /* README.txt */,
				A20266371B82922A0063342C /* TRADEMARKS.txt */,
				A20266381B82922A0063342C /* Ubuntu-B.ttf */,
				A20266391B82922A0063342C /* Ubuntu-BI.ttf */,
				A202663A1B82922A0063342C /* Ubuntu-C.ttf */,
				A202663B1B82922A0063342C /* Ubuntu-L.ttf */,
				A202663C1B82922A0063342C /* Ubuntu-LI.ttf */,
				A202663D1B82922A0063342C /* Ubuntu-M.ttf */,
				A202663E1B82922A0063342C /* Ubuntu-MI.ttf */,
				A202663F1B82922A0063342C /* Ubuntu-R.ttf */,
				A20266401B82922A0063342C /* Ubuntu-RI.ttf */,
				A20266411B82922A0063342C /* UbuntuMono-B.ttf */,
				A20266421B82922A0063342C /* UbuntuMono-BI.ttf */,
				A20266431B82922A0063342C /* UbuntuMono-R.ttf */,
				A20266441B82922A0063342C /* UbuntuMono-RI.ttf */,
			);
			path = "ubuntu-font-family-0.80";
			sourceTree = "<group>";
		};
		A20B927C1B3A282900B436DE = {
			isa = PBXGroup;
			children = (
				A234BEB51BD438A7002B58B0 /* maxCalculator-Bridging-Header.h */,
				A2144E881B56E656006ACDCF /* MyPlayground.playground */,
				A20B92871B3A282900B436DE /* maxCalculator */,
				A20B92A41B3A282900B436DE /* maxCalculatorTests */,
				A20B92861B3A282900B436DE /* Products */,
				74931D9383A6EDD1E49C504B /* Pods */,
				C4C2BCCBAEAE480F209B0EF5 /* Frameworks */,
			);
			sourceTree = "<group>";
		};
		A20B92861B3A282900B436DE /* Products */ = {
			isa = PBXGroup;
			children = (
				A20B92851B3A282900B436DE /* maxCalculator.app */,
				A20B92A11B3A282900B436DE /* maxCalculatorTests.xctest */,
			);
			name = Products;
			sourceTree = "<group>";
		};
		A20B92871B3A282900B436DE /* maxCalculator */ = {
			isa = PBXGroup;
			children = (
				A20B928C1B3A282900B436DE /* AppDelegate.h */,
				A20B928D1B3A282900B436DE /* AppDelegate.m */,
				A20B92951B3A282900B436DE /* Main.storyboard */,
				A22031091B54350B0086F5F7 /* RootViewController.swift */,
				A20B92981B3A282900B436DE /* Images.xcassets */,
				A20266591B8294680063342C /* 1RepMax@2x.pdf */,
				A27853A11B79A96C00AA2578 /* SF-UI-Display-Regular.otf */,
				A20B929A1B3A282900B436DE /* LaunchScreen.xib */,
				A20B928F1B3A282900B436DE /* maxCalculator.xcdatamodeld */,
				A202662E1B8291A80063342C /* rectangle@2x.pdf */,
				A20266301B82922A0063342C /* ubuntu-font-family-0.80 */,
				A20B92881B3A282900B436DE /* Supporting Files */,
				A22031081B54350A0086F5F7 /* maxCalculator-Bridging-Header.h */,
				A2E329431BD9395D00B9224D /* Images-2.xcassets */,
			);
			path = maxCalculator;
			sourceTree = "<group>";
		};
		A20B92881B3A282900B436DE /* Supporting Files */ = {
			isa = PBXGroup;
			children = (
				A20B92891B3A282900B436DE /* Info.plist */,
				A20B928A1B3A282900B436DE /* main.m */,
			);
			name = "Supporting Files";
			sourceTree = "<group>";
		};
		A20B92A41B3A282900B436DE /* maxCalculatorTests */ = {
			isa = PBXGroup;
			children = (
				A20B92A71B3A282900B436DE /* maxCalculatorTests.m */,
				A20B92A51B3A282900B436DE /* Supporting Files */,
			);
			path = maxCalculatorTests;
			sourceTree = "<group>";
		};
		A20B92A51B3A282900B436DE /* Supporting Files */ = {
			isa = PBXGroup;
			children = (
				A20B92A61B3A282900B436DE /* Info.plist */,
			);
			name = "Supporting Files";
			sourceTree = "<group>";
		};
		C4C2BCCBAEAE480F209B0EF5 /* Frameworks */ = {
			isa = PBXGroup;
			children = (
				A234BEB61BD43952002B58B0 /* CoreLocation.framework */,
				8CB726EAF2F60E4E288D3E07 /* libPods.a */,
			);
			name = Frameworks;
			sourceTree = "<group>";
		};
/* End PBXGroup section */

/* Begin PBXNativeTarget section */
		A20B92841B3A282900B436DE /* maxCalculator */ = {
			isa = PBXNativeTarget;
			buildConfigurationList = A20B92AB1B3A282900B436DE /* Build configuration list for PBXNativeTarget "maxCalculator" */;
			buildPhases = (
				3FC95D790AC1D096E4994AF1 /* Check Pods Manifest.lock */,
				A20B92811B3A282900B436DE /* Sources */,
				A20B92821B3A282900B436DE /* Frameworks */,
				A20B92831B3A282900B436DE /* Resources */,
				4F3B99A3F91E296F50D26453 /* Copy Pods Resources */,
			);
			buildRules = (
			);
			dependencies = (
			);
			name = maxCalculator;
			productName = maxCalculator;
			productReference = A20B92851B3A282900B436DE /* maxCalculator.app */;
			productType = "com.apple.product-type.application";
		};
		A20B92A01B3A282900B436DE /* maxCalculatorTests */ = {
			isa = PBXNativeTarget;
			buildConfigurationList = A20B92AE1B3A282900B436DE /* Build configuration list for PBXNativeTarget "maxCalculatorTests" */;
			buildPhases = (
				A20B929D1B3A282900B436DE /* Sources */,
				A20B929E1B3A282900B436DE /* Frameworks */,
				A20B929F1B3A282900B436DE /* Resources */,
			);
			buildRules = (
			);
			dependencies = (
				A20B92A31B3A282900B436DE /* PBXTargetDependency */,
			);
			name = maxCalculatorTests;
			productName = maxCalculatorTests;
			productReference = A20B92A11B3A282900B436DE /* maxCalculatorTests.xctest */;
			productType = "com.apple.product-type.bundle.unit-test";
		};
/* End PBXNativeTarget section */

/* Begin PBXProject section */
		A20B927D1B3A282900B436DE /* Project object */ = {
			isa = PBXProject;
			attributes = {
				LastSwiftMigration = 0710;
				LastSwiftUpdateCheck = 0710;
				LastUpgradeCheck = 0710;
				ORGANIZATIONNAME = "alex fallah";
				TargetAttributes = {
					A20B92841B3A282900B436DE = {
						CreatedOnToolsVersion = 6.3.2;
						DevelopmentTeam = 97K577ZYQT;
					};
					A20B92A01B3A282900B436DE = {
						CreatedOnToolsVersion = 6.3.2;
						TestTargetID = A20B92841B3A282900B436DE;
					};
				};
			};
			buildConfigurationList = A20B92801B3A282900B436DE /* Build configuration list for PBXProject "maxCalculator" */;
			compatibilityVersion = "Xcode 3.2";
			developmentRegion = English;
			hasScannedForEncodings = 0;
			knownRegions = (
				en,
				Base,
			);
			mainGroup = A20B927C1B3A282900B436DE;
			productRefGroup = A20B92861B3A282900B436DE /* Products */;
			projectDirPath = "";
			projectRoot = "";
			targets = (
				A20B92841B3A282900B436DE /* maxCalculator */,
				A20B92A01B3A282900B436DE /* maxCalculatorTests */,
			);
		};
/* End PBXProject section */

/* Begin PBXResourcesBuildPhase section */
		A20B92831B3A282900B436DE /* Resources */ = {
			isa = PBXResourcesBuildPhase;
			buildActionMask = 2147483647;
			files = (
				A20266491B82922A0063342C /* LICENCE.txt in Resources */,
				A20266451B82922A0063342C /* CONTRIBUTING.txt in Resources */,
				A202664A1B82922A0063342C /* README.txt in Resources */,
				A202664F1B82922A0063342C /* Ubuntu-L.ttf in Resources */,
				A20266481B82922A0063342C /* LICENCE-FAQ.txt in Resources */,
				A202665A1B8294680063342C /* 1RepMax@2x.pdf in Resources */,
				A20266531B82922A0063342C /* Ubuntu-R.ttf in Resources */,
				A20266551B82922A0063342C /* UbuntuMono-B.ttf in Resources */,
				A20266471B82922A0063342C /* FONTLOG.txt in Resources */,
				A202664E1B82922A0063342C /* Ubuntu-C.ttf in Resources */,
				A20266521B82922A0063342C /* Ubuntu-MI.ttf in Resources */,
				A202664B1B82922A0063342C /* TRADEMARKS.txt in Resources */,
				A20266461B82922A0063342C /* copyright.txt in Resources */,
				A202664D1B82922A0063342C /* Ubuntu-BI.ttf in Resources */,
				A2E329441BD9395D00B9224D /* Images-2.xcassets in Resources */,
				A20266581B82922A0063342C /* UbuntuMono-RI.ttf in Resources */,
				A202664C1B82922A0063342C /* Ubuntu-B.ttf in Resources */,
				A20266561B82922A0063342C /* UbuntuMono-BI.ttf in Resources */,
				A20B92971B3A282900B436DE /* Main.storyboard in Resources */,
				A20B929C1B3A282900B436DE /* LaunchScreen.xib in Resources */,
				A20B92991B3A282900B436DE /* Images.xcassets in Resources */,
				A20266511B82922A0063342C /* Ubuntu-M.ttf in Resources */,
				A20266541B82922A0063342C /* Ubuntu-RI.ttf in Resources */,
				A202662F1B8291A80063342C /* rectangle@2x.pdf in Resources */,
				A20266501B82922A0063342C /* Ubuntu-LI.ttf in Resources */,
				A20266571B82922A0063342C /* UbuntuMono-R.ttf in Resources */,
			);
			runOnlyForDeploymentPostprocessing = 0;
		};
		A20B929F1B3A282900B436DE /* Resources */ = {
			isa = PBXResourcesBuildPhase;
			buildActionMask = 2147483647;
			files = (
			);
			runOnlyForDeploymentPostprocessing = 0;
		};
/* End PBXResourcesBuildPhase section */

/* Begin PBXShellScriptBuildPhase section */
		3FC95D790AC1D096E4994AF1 /* Check Pods Manifest.lock */ = {
			isa = PBXShellScriptBuildPhase;
			buildActionMask = 2147483647;
			files = (
			);
			inputPaths = (
			);
			name = "Check Pods Manifest.lock";
			outputPaths = (
			);
			runOnlyForDeploymentPostprocessing = 0;
			shellPath = /bin/sh;
			shellScript = "diff \"${PODS_ROOT}/../Podfile.lock\" \"${PODS_ROOT}/Manifest.lock\" > /dev/null\nif [[ $? != 0 ]] ; then\n    cat << EOM\nerror: The sandbox is not in sync with the Podfile.lock. Run 'pod install' or update your CocoaPods installation.\nEOM\n    exit 1\nfi\n";
			showEnvVarsInLog = 0;
		};
		4F3B99A3F91E296F50D26453 /* Copy Pods Resources */ = {
			isa = PBXShellScriptBuildPhase;
			buildActionMask = 2147483647;
			files = (
			);
			inputPaths = (
			);
			name = "Copy Pods Resources";
			outputPaths = (
			);
			runOnlyForDeploymentPostprocessing = 0;
			shellPath = /bin/sh;
			shellScript = "\"${SRCROOT}/Pods/Target Support Files/Pods/Pods-resources.sh\"\n";
			showEnvVarsInLog = 0;
		};
/* End PBXShellScriptBuildPhase section */

/* Begin PBXSourcesBuildPhase section */
		A20B92811B3A282900B436DE /* Sources */ = {
			isa = PBXSourcesBuildPhase;
			buildActionMask = 2147483647;
			files = (
				A20B92911B3A282900B436DE /* maxCalculator.xcdatamodeld in Sources */,
				A20B928E1B3A282900B436DE /* AppDelegate.m in Sources */,
				A220310A1B54350B0086F5F7 /* RootViewController.swift in Sources */,
				A20B928B1B3A282900B436DE /* main.m in Sources */,
			);
			runOnlyForDeploymentPostprocessing = 0;
		};
		A20B929D1B3A282900B436DE /* Sources */ = {
			isa = PBXSourcesBuildPhase;
			buildActionMask = 2147483647;
			files = (
				A20B92A81B3A282900B436DE /* maxCalculatorTests.m in Sources */,
			);
			runOnlyForDeploymentPostprocessing = 0;
		};
/* End PBXSourcesBuildPhase section */

/* Begin PBXTargetDependency section */
		A20B92A31B3A282900B436DE /* PBXTargetDependency */ = {
			isa = PBXTargetDependency;
			target = A20B92841B3A282900B436DE /* maxCalculator */;
			targetProxy = A20B92A21B3A282900B436DE /* PBXContainerItemProxy */;
		};
/* End PBXTargetDependency section */

/* Begin PBXVariantGroup section */
		A20B92951B3A282900B436DE /* Main.storyboard */ = {
			isa = PBXVariantGroup;
			children = (
				A20B92961B3A282900B436DE /* Base */,
			);
			name = Main.storyboard;
			sourceTree = "<group>";
		};
		A20B929A1B3A282900B436DE /* LaunchScreen.xib */ = {
			isa = PBXVariantGroup;
			children = (
				A20B929B1B3A282900B436DE /* Base */,
			);
			name = LaunchScreen.xib;
			sourceTree = "<group>";
		};
/* End PBXVariantGroup section */

/* Begin XCBuildConfiguration section */
		A20B92A91B3A282900B436DE /* Debug */ = {
			isa = XCBuildConfiguration;
			buildSettings = {
				ALWAYS_SEARCH_USER_PATHS = NO;
				CLANG_CXX_LANGUAGE_STANDARD = "gnu++0x";
				CLANG_CXX_LIBRARY = "libc++";
				CLANG_ENABLE_MODULES = YES;
				CLANG_ENABLE_OBJC_ARC = YES;
				CLANG_WARN_BOOL_CONVERSION = YES;
				CLANG_WARN_CONSTANT_CONVERSION = YES;
				CLANG_WARN_DIRECT_OBJC_ISA_USAGE = YES_ERROR;
				CLANG_WARN_EMPTY_BODY = YES;
				CLANG_WARN_ENUM_CONVERSION = YES;
				CLANG_WARN_INT_CONVERSION = YES;
				CLANG_WARN_OBJC_ROOT_CLASS = YES_ERROR;
				CLANG_WARN_UNREACHABLE_CODE = YES;
				CLANG_WARN__DUPLICATE_METHOD_MATCH = YES;
				CODE_SIGN_IDENTITY = "iPhone Distribution: alex fallah (97K577ZYQT)";
				"CODE_SIGN_IDENTITY[sdk=iphoneos*]" = "iPhone Distribution: alex fallah (97K577ZYQT)";
				COPY_PHASE_STRIP = NO;
				DEBUG_INFORMATION_FORMAT = "dwarf-with-dsym";
				ENABLE_STRICT_OBJC_MSGSEND = YES;
				ENABLE_TESTABILITY = YES;
				GCC_C_LANGUAGE_STANDARD = gnu99;
				GCC_DYNAMIC_NO_PIC = NO;
				GCC_NO_COMMON_BLOCKS = YES;
				GCC_OPTIMIZATION_LEVEL = 0;
				GCC_PREPROCESSOR_DEFINITIONS = (
					"DEBUG=1",
					"$(inherited)",
				);
				GCC_SYMBOLS_PRIVATE_EXTERN = NO;
				GCC_WARN_64_TO_32_BIT_CONVERSION = YES;
				GCC_WARN_ABOUT_RETURN_TYPE = YES_ERROR;
				GCC_WARN_UNDECLARED_SELECTOR = YES;
				GCC_WARN_UNINITIALIZED_AUTOS = YES_AGGRESSIVE;
				GCC_WARN_UNUSED_FUNCTION = YES;
				GCC_WARN_UNUSED_VARIABLE = YES;
				IPHONEOS_DEPLOYMENT_TARGET = 8.3;
				MTL_ENABLE_DEBUG_INFO = YES;
				ONLY_ACTIVE_ARCH = YES;
				PROVISIONING_PROFILE = "e980a12f-4635-4920-b073-c7fde3373c7e";
				SDKROOT = iphoneos;
			};
			name = Debug;
		};
		A20B92AA1B3A282900B436DE /* Release */ = {
			isa = XCBuildConfiguration;
			buildSettings = {
				ALWAYS_SEARCH_USER_PATHS = NO;
				CLANG_CXX_LANGUAGE_STANDARD = "gnu++0x";
				CLANG_CXX_LIBRARY = "libc++";
				CLANG_ENABLE_MODULES = YES;
				CLANG_ENABLE_OBJC_ARC = YES;
				CLANG_WARN_BOOL_CONVERSION = YES;
				CLANG_WARN_CONSTANT_CONVERSION = YES;
				CLANG_WARN_DIRECT_OBJC_ISA_USAGE = YES_ERROR;
				CLANG_WARN_EMPTY_BODY = YES;
				CLANG_WARN_ENUM_CONVERSION = YES;
				CLANG_WARN_INT_CONVERSION = YES;
				CLANG_WARN_OBJC_ROOT_CLASS = YES_ERROR;
				CLANG_WARN_UNREACHABLE_CODE = YES;
				CLANG_WARN__DUPLICATE_METHOD_MATCH = YES;
				CODE_SIGN_IDENTITY = "iPhone Distribution: alex fallah (97K577ZYQT)";
				"CODE_SIGN_IDENTITY[sdk=iphoneos*]" = "iPhone Distribution: alex fallah (97K577ZYQT)";
				COPY_PHASE_STRIP = NO;
				DEBUG_INFORMATION_FORMAT = "dwarf-with-dsym";
				ENABLE_NS_ASSERTIONS = NO;
				ENABLE_STRICT_OBJC_MSGSEND = YES;
				GCC_C_LANGUAGE_STANDARD = gnu99;
				GCC_NO_COMMON_BLOCKS = YES;
				GCC_WARN_64_TO_32_BIT_CONVERSION = YES;
				GCC_WARN_ABOUT_RETURN_TYPE = YES_ERROR;
				GCC_WARN_UNDECLARED_SELECTOR = YES;
				GCC_WARN_UNINITIALIZED_AUTOS = YES_AGGRESSIVE;
				GCC_WARN_UNUSED_FUNCTION = YES;
				GCC_WARN_UNUSED_VARIABLE = YES;
				IPHONEOS_DEPLOYMENT_TARGET = 8.3;
				MTL_ENABLE_DEBUG_INFO = NO;
				PROVISIONING_PROFILE = "e980a12f-4635-4920-b073-c7fde3373c7e";
				SDKROOT = iphoneos;
				VALIDATE_PRODUCT = YES;
			};
			name = Release;
		};
		A20B92AC1B3A282900B436DE /* Debug */ = {
			isa = XCBuildConfiguration;
			baseConfigurationReference = 091964A12E7AF85B041E2447 /* Pods.debug.xcconfig */;
			buildSettings = {
				ASSETCATALOG_COMPILER_APPICON_NAME = AppIcon;
				ASSETCATALOG_COMPILER_LAUNCHIMAGE_NAME = BrandAsset;
				CLANG_ENABLE_MODULES = YES;
				FRAMEWORK_SEARCH_PATHS = "$(SRCROOT)";
				INFOPLIST_FILE = maxCalculator/Info.plist;
				LD_RUNPATH_SEARCH_PATHS = "$(inherited) @executable_path/Frameworks";
				PRODUCT_BUNDLE_IDENTIFIER = fallah.maxCalculator;
				PRODUCT_NAME = "$(TARGET_NAME)";
				PROVISIONING_PROFILE = "";
				SWIFT_OBJC_BRIDGING_HEADER = "maxCalculator/maxCalculator-Bridging-Header.h";
				SWIFT_OPTIMIZATION_LEVEL = "-Onone";
				TARGETED_DEVICE_FAMILY = 1;
			};
			name = Debug;
		};
		A20B92AD1B3A282900B436DE /* Release */ = {
			isa = XCBuildConfiguration;
			baseConfigurationReference = A995E18AFF6C675ECC499B22 /* Pods.release.xcconfig */;
			buildSettings = {
				ASSETCATALOG_COMPILER_APPICON_NAME = AppIcon;
				ASSETCATALOG_COMPILER_LAUNCHIMAGE_NAME = BrandAsset;
				CLANG_ENABLE_MODULES = YES;
				FRAMEWORK_SEARCH_PATHS = "$(SRCROOT)";
				INFOPLIST_FILE = maxCalculator/Info.plist;
				LD_RUNPATH_SEARCH_PATHS = "$(inherited) @executable_path/Frameworks";
				PRODUCT_BUNDLE_IDENTIFIER = fallah.maxCalculator;
				PRODUCT_NAME = "$(TARGET_NAME)";
				PROVISIONING_PROFILE = "";
				SWIFT_OBJC_BRIDGING_HEADER = "maxCalculator/maxCalculator-Bridging-Header.h";
				TARGETED_DEVICE_FAMILY = 1;
			};
			name = Release;
		};
		A20B92AF1B3A282900B436DE /* Debug */ = {
			isa = XCBuildConfiguration;
			buildSettings = {
				BUNDLE_LOADER = "$(TEST_HOST)";
				FRAMEWORK_SEARCH_PATHS = (
					"$(SDKROOT)/Developer/Library/Frameworks",
					"$(inherited)",
				);
				GCC_PREPROCESSOR_DEFINITIONS = (
					"DEBUG=1",
					"$(inherited)",
				);
				INFOPLIST_FILE = maxCalculatorTests/Info.plist;
				LD_RUNPATH_SEARCH_PATHS = "$(inherited) @executable_path/Frameworks @loader_path/Frameworks";
				PRODUCT_BUNDLE_IDENTIFIER = "fallah.$(PRODUCT_NAME:rfc1034identifier)";
				PRODUCT_NAME = "$(TARGET_NAME)";
				TEST_HOST = "$(BUILT_PRODUCTS_DIR)/maxCalculator.app/maxCalculator";
			};
			name = Debug;
		};
		A20B92B01B3A282900B436DE /* Release */ = {
			isa = XCBuildConfiguration;
			buildSettings = {
				BUNDLE_LOADER = "$(TEST_HOST)";
				FRAMEWORK_SEARCH_PATHS = (
					"$(SDKROOT)/Developer/Library/Frameworks",
					"$(inherited)",
				);
				INFOPLIST_FILE = maxCalculatorTests/Info.plist;
				LD_RUNPATH_SEARCH_PATHS = "$(inherited) @executable_path/Frameworks @loader_path/Frameworks";
				PRODUCT_BUNDLE_IDENTIFIER = "fallah.$(PRODUCT_NAME:rfc1034identifier)";
				PRODUCT_NAME = "$(TARGET_NAME)";
				TEST_HOST = "$(BUILT_PRODUCTS_DIR)/maxCalculator.app/maxCalculator";
			};
			name = Release;
		};
/* End XCBuildConfiguration section */

/* Begin XCConfigurationList section */
		A20B92801B3A282900B436DE /* Build configuration list for PBXProject "maxCalculator" */ = {
			isa = XCConfigurationList;
			buildConfigurations = (
				A20B92A91B3A282900B436DE /* Debug */,
				A20B92AA1B3A282900B436DE /* Release */,
			);
			defaultConfigurationIsVisible = 0;
			defaultConfigurationName = Release;
		};
		A20B92AB1B3A282900B436DE /* Build configuration list for PBXNativeTarget "maxCalculator" */ = {
			isa = XCConfigurationList;
			buildConfigurations = (
				A20B92AC1B3A282900B436DE /* Debug */,
				A20B92AD1B3A282900B436DE /* Release */,
			);
			defaultConfigurationIsVisible = 0;
			defaultConfigurationName = Release;
		};
		A20B92AE1B3A282900B436DE /* Build configuration list for PBXNativeTarget "maxCalculatorTests" */ = {
			isa = XCConfigurationList;
			buildConfigurations = (
				A20B92AF1B3A282900B436DE /* Debug */,
				A20B92B01B3A282900B436DE /* Release */,
			);
			defaultConfigurationIsVisible = 0;
			defaultConfigurationName = Release;
		};
/* End XCConfigurationList section */

/* Begin XCVersionGroup section */
		A20B928F1B3A282900B436DE /* maxCalculator.xcdatamodeld */ = {
			isa = XCVersionGroup;
			children = (
				A20B92901B3A282900B436DE /* maxCalculator.xcdatamodel */,
			);
			currentVersion = A20B92901B3A282900B436DE /* maxCalculator.xcdatamodel */;
			path = maxCalculator.xcdatamodeld;
			sourceTree = "<group>";
			versionGroupType = wrapper.xcdatamodel;
		};
/* End XCVersionGroup section */
	};
	rootObject = A20B927D1B3A282900B436DE /* Project object */;
}
